
Microsoft Visual Studio Solution File, Format Version 12.00
# Visual Studio 15
VisualStudioVersion = 15.0.27703.2035
MinimumVisualStudioVersion = 10.0.40219.1
Project("{FAE04EC0-301F-11D3-BF4B-00C04F79EFBC}") = "CarConfigurator.Android", "CarConfigurator\CarConfigurator.Android\CarConfigurator.Android.csproj", "{37D6E866-2F1F-4A19-88E5-CD89230D5FB6}"
EndProject
Project("{FAE04EC0-301F-11D3-BF4B-00C04F79EFBC}") = "CarConfigurator.iOS", "CarConfigurator\CarConfigurator.iOS\CarConfigurator.iOS.csproj", "{3B2260F0-9A73-4A76-84AF-1C5F84A68A22}"
EndProject
Project("{D954291E-2A0B-460D-934E-DC6B0785DB48}") = "CarConfigurator", "CarConfigurator\CarConfigurator\CarConfigurator.shproj", "{48F66710-A178-4EB0-835F-1045A6D78CFE}"
EndProject
Global
	GlobalSection(SharedMSBuildProjectFiles) = preSolution
		CarConfigurator\CarConfigurator\CarConfigurator.projitems*{37d6e866-2f1f-4a19-88e5-cd89230d5fb6}*SharedItemsImports = 4
		CarConfigurator\CarConfigurator\CarConfigurator.projitems*{3b2260f0-9a73-4a76-84af-1c5f84a68a22}*SharedItemsImports = 4
		CarConfigurator\CarConfigurator\CarConfigurator.projitems*{48f66710-a178-4eb0-835f-1045a6d78cfe}*SharedItemsImports = 13
	EndGlobalSection
	GlobalSection(SolutionConfigurationPlatforms) = preSolution
		Ad-Hoc|Any CPU = Ad-Hoc|Any CPU
		Ad-Hoc|iPhone = Ad-Hoc|iPhone
		Ad-Hoc|iPhoneSimulator = Ad-Hoc|iPhoneSimulator
		AppStore|Any CPU = AppStore|Any CPU
		AppStore|iPhone = AppStore|iPhone
		AppStore|iPhoneSimulator = AppStore|iPhoneSimulator
		Debug|Any CPU = Debug|Any CPU
		Debug|iPhone = Debug|iPhone
		Debug|iPhoneSimulator = Debug|iPhoneSimulator
		Release|Any CPU = Release|Any CPU
		Release|iPhone = Release|iPhone
		Release|iPhoneSimulator = Release|iPhoneSimulator
	EndGlobalSection
	GlobalSection(ProjectConfigurationPlatforms) = postSolution
		{37D6E866-2F1F-4A19-88E5-CD89230D5FB6}.Ad-Hoc|Any CPU.ActiveCfg = Release|Any CPU
		{37D6E866-2F1F-4A19-88E5-CD89230D5FB6}.Ad-Hoc|Any CPU.Build.0 = Release|Any CPU
		{37D6E866-2F1F-4A19-88E5-CD89230D5FB6}.Ad-Hoc|Any CPU.Deploy.0 = Release|Any CPU
		{37D6E866-2F1F-4A19-88E5-CD89230D5FB6}.Ad-Hoc|iPhone.ActiveCfg = Release|Any CPU
		{37D6E866-2F1F-4A19-88E5-CD89230D5FB6}.Ad-Hoc|iPhone.Build.0 = Release|Any CPU
		{37D6E866-2F1F-4A19-88E5-CD89230D5FB6}.Ad-Hoc|iPhone.Deploy.0 = Release|Any CPU
		{37D6E866-2F1F-4A19-88E5-CD89230D5FB6}.Ad-Hoc|iPhoneSimulator.ActiveCfg = Release|Any CPU
		{37D6E866-2F1F-4A19-88E5-CD89230D5FB6}.Ad-Hoc|iPhoneSimulator.Build.0 = Release|Any CPU
		{37D6E866-2F1F-4A19-88E5-CD89230D5FB6}.Ad-Hoc|iPhoneSimulator.Deploy.0 = Release|Any CPU
		{37D6E866-2F1F-4A19-88E5-CD89230D5FB6}.AppStore|Any CPU.ActiveCfg = Release|Any CPU
		{37D6E866-2F1F-4A19-88E5-CD89230D5FB6}.AppStore|Any CPU.Build.0 = Release|Any CPU
		{37D6E866-2F1F-4A19-88E5-CD89230D5FB6}.AppStore|Any CPU.Deploy.0 = Release|Any CPU
		{37D6E866-2F1F-4A19-88E5-CD89230D5FB6}.AppStore|iPhone.ActiveCfg = Release|Any CPU
		{37D6E866-2F1F-4A19-88E5-CD89230D5FB6}.AppStore|iPhone.Build.0 = Release|Any CPU
		{37D6E866-2F1F-4A19-88E5-CD89230D5FB6}.AppStore|iPhone.Deploy.0 = Release|Any CPU
		{37D6E866-2F1F-4A19-88E5-CD89230D5FB6}.AppStore|iPhoneSimulator.ActiveCfg = Release|Any CPU
		{37D6E866-2F1F-4A19-88E5-CD89230D5FB6}.AppStore|iPhoneSimulator.Build.0 = Release|Any CPU
		{37D6E866-2F1F-4A19-88E5-CD89230D5FB6}.AppStore|iPhoneSimulator.Deploy.0 = Release|Any CPU
		{37D6E866-2F1F-4A19-88E5-CD89230D5FB6}.Debug|Any CPU.ActiveCfg = Debug|Any CPU
		{37D6E866-2F1F-4A19-88E5-CD89230D5FB6}.Debug|Any CPU.Build.0 = Debug|Any CPU
		{37D6E866-2F1F-4A19-88E5-CD89230D5FB6}.Debug|Any CPU.Deploy.0 = Debug|Any CPU
		{37D6E866-2F1F-4A19-88E5-CD89230D5FB6}.Debug|iPhone.ActiveCfg = Debug|Any CPU
		{37D6E866-2F1F-4A19-88E5-CD89230D5FB6}.Debug|iPhone.Build.0 = Debug|Any CPU
		{37D6E866-2F1F-4A19-88E5-CD89230D5FB6}.Debug|iPhone.Deploy.0 = Debug|Any CPU
		{37D6E866-2F1F-4A19-88E5-CD89230D5FB6}.Debug|iPhoneSimulator.ActiveCfg = Debug|Any CPU
		{37D6E866-2F1F-4A19-88E5-CD89230D5FB6}.Debug|iPhoneSimulator.Build.0 = Debug|Any CPU
		{37D6E866-2F1F-4A19-88E5-CD89230D5FB6}.Debug|iPhoneSimulator.Deploy.0 = Debug|Any CPU
		{37D6E866-2F1F-4A19-88E5-CD89230D5FB6}.Release|Any CPU.ActiveCfg = Release|Any CPU
		{37D6E866-2F1F-4A19-88E5-CD89230D5FB6}.Release|Any CPU.Build.0 = Release|Any CPU
		{37D6E866-2F1F-4A19-88E5-CD89230D5FB6}.Release|Any CPU.Deploy.0 = Release|Any CPU
		{37D6E866-2F1F-4A19-88E5-CD89230D5FB6}.Release|iPhone.ActiveCfg = Release|Any CPU
		{37D6E866-2F1F-4A19-88E5-CD89230D5FB6}.Release|iPhone.Build.0 = Release|Any CPU
		{37D6E866-2F1F-4A19-88E5-CD89230D5FB6}.Release|iPhone.Deploy.0 = Release|Any CPU
		{37D6E866-2F1F-4A19-88E5-CD89230D5FB6}.Release|iPhoneSimulator.ActiveCfg = Release|Any CPU
		{37D6E866-2F1F-4A19-88E5-CD89230D5FB6}.Release|iPhoneSimulator.Build.0 = Release|Any CPU
		{37D6E866-2F1F-4A19-88E5-CD89230D5FB6}.Release|iPhoneSimulator.Deploy.0 = Release|Any CPU
		{3B2260F0-9A73-4A76-84AF-1C5F84A68A22}.Ad-Hoc|Any CPU.ActiveCfg = Ad-Hoc|iPhone
		{3B2260F0-9A73-4A76-84AF-1C5F84A68A22}.Ad-Hoc|Any CPU.Build.0 = Ad-Hoc|iPhone
		{3B2260F0-9A73-4A76-84AF-1C5F84A68A22}.Ad-Hoc|Any CPU.Deploy.0 = Ad-Hoc|iPhone
		{3B2260F0-9A73-4A76-84AF-1C5F84A68A22}.Ad-Hoc|iPhone.ActiveCfg = Ad-Hoc|iPhone
		{3B2260F0-9A73-4A76-84AF-1C5F84A68A22}.Ad-Hoc|iPhone.Build.0 = Ad-Hoc|iPhone
		{3B2260F0-9A73-4A76-84AF-1C5F84A68A22}.Ad-Hoc|iPhone.Deploy.0 = Ad-Hoc|iPhone
		{3B2260F0-9A73-4A76-84AF-1C5F84A68A22}.Ad-Hoc|iPhoneSimulator.ActiveCfg = Ad-Hoc|iPhoneSimulator
		{3B2260F0-9A73-4A76-84AF-1C5F84A68A22}.Ad-Hoc|iPhoneSimulator.Build.0 = Ad-Hoc|iPhoneSimulator
		{3B2260F0-9A73-4A76-84AF-1C5F84A68A22}.Ad-Hoc|iPhoneSimulator.Deploy.0 = Ad-Hoc|iPhoneSimulator
		{3B2260F0-9A73-4A76-84AF-1C5F84A68A22}.AppStore|Any CPU.ActiveCfg = AppStore|iPhone
		{3B2260F0-9A73-4A76-84AF-1C5F84A68A22}.AppStore|Any CPU.Build.0 = AppStore|iPhone
		{3B2260F0-9A73-4A76-84AF-1C5F84A68A22}.AppStore|Any CPU.Deploy.0 = AppStore|iPhone
		{3B2260F0-9A73-4A76-84AF-1C5F84A68A22}.AppStore|iPhone.ActiveCfg = AppStore|iPhone
		{3B2260F0-9A73-4A76-84AF-1C5F84A68A22}.AppStore|iPhone.Build.0 = AppStore|iPhone
		{3B2260F0-9A73-4A76-84AF-1C5F84A68A22}.AppStore|iPhone.Deploy.0 = AppStore|iPhone
		{3B2260F0-9A73-4A76-84AF-1C5F84A68A22}.AppStore|iPhoneSimulator.ActiveCfg = AppStore|iPhoneSimulator
		{3B2260F0-9A73-4A76-84AF-1C5F84A68A22}.AppStore|iPhoneSimulator.Build.0 = AppStore|iPhoneSimulator
		{3B2260F0-9A73-4A76-84AF-1C5F84A68A22}.AppStore|iPhoneSimulator.Deploy.0 = AppStore|iPhoneSimulator
		{3B2260F0-9A73-4A76-84AF-1C5F84A68A22}.Debug|Any CPU.ActiveCfg = Debug|iPhoneSimulator
		{3B2260F0-9A73-4A76-84AF-1C5F84A68A22}.Debug|Any CPU.Build.0 = Debug|iPhoneSimulator
		{3B2260F0-9A73-4A76-84AF-1C5F84A68A22}.Debug|Any CPU.Deploy.0 = Debug|iPhoneSimulator
		{3B2260F0-9A73-4A76-84AF-1C5F84A68A22}.Debug|iPhone.ActiveCfg = Debug|iPhone
		{3B2260F0-9A73-4A76-84AF-1C5F84A68A22}.Debug|iPhone.Build.0 = Debug|iPhone
		{3B2260F0-9A73-4A76-84AF-1C5F84A68A22}.Debug|iPhone.Deploy.0 = Debug|iPhone
		{3B2260F0-9A73-4A76-84AF-1C5F84A68A22}.Debug|iPhoneSimulator.ActiveCfg = Debug|iPhoneSimulator
		{3B2260F0-9A73-4A76-84AF-1C5F84A68A22}.Debug|iPhoneSimulator.Build.0 = Debug|iPhoneSimulator
		{3B2260F0-9A73-4A76-84AF-1C5F84A68A22}.Debug|iPhoneSimulator.Deploy.0 = Debug|iPhoneSimulator
		{3B2260F0-9A73-4A76-84AF-1C5F84A68A22}.Release|Any CPU.ActiveCfg = Release|iPhone
		{3B2260F0-9A73-4A76-84AF-1C5F84A68A22}.Release|Any CPU.Build.0 = Release|iPhone
		{3B2260F0-9A73-4A76-84AF-1C5F84A68A22}.Release|Any CPU.Deploy.0 = Release|iPhone
		{3B2260F0-9A73-4A76-84AF-1C5F84A68A22}.Release|iPhone.ActiveCfg = Release|iPhone
		{3B2260F0-9A73-4A76-84AF-1C5F84A68A22}.Release|iPhone.Build.0 = Release|iPhone
		{3B2260F0-9A73-4A76-84AF-1C5F84A68A22}.Release|iPhone.Deploy.0 = Release|iPhone
		{3B2260F0-9A73-4A76-84AF-1C5F84A68A22}.Release|iPhoneSimulator.ActiveCfg = Release|iPhoneSimulator
		{3B2260F0-9A73-4A76-84AF-1C5F84A68A22}.Release|iPhoneSimulator.Build.0 = Release|iPhoneSimulator
		{3B2260F0-9A73-4A76-84AF-1C5F84A68A22}.Release|iPhoneSimulator.Deploy.0 = Release|iPhoneSimulator
	EndGlobalSection
	GlobalSection(SolutionProperties) = preSolution
		HideSolutionNode = FALSE
	EndGlobalSection
	GlobalSection(ExtensibilityGlobals) = postSolution
		SolutionGuid = {DDC1C0C2-4E85-4076-B278-9F33CCDB157C}
	EndGlobalSection
EndGlobal
